
Microsoft Visual Studio Solution File, Format Version 12.00
# Visual Studio Version 17
VisualStudioVersion = 17.4.33205.214
MinimumVisualStudioVersion = 10.0.40219.1
Project("{8BC9CEB8-8B4A-11D0-8D11-00A0C91BC942}") = "5.1", "5.1\5.1.vcxproj", "{A0A1DEC7-6825-41E5-92C9-148F9B16D37A}"
EndProject
Global
	GlobalSection(SolutionConfigurationPlatforms) = preSolution
		Debug|x64 = Debug|x64
		Debug|x86 = Debug|x86
		Release|x64 = Release|x64
		Release|x86 = Release|x86
	EndGlobalSection
	GlobalSection(ProjectConfigurationPlatforms) = postSolution
		{A0A1DEC7-6825-41E5-92C9-148F9B16D37A}.Debug|x64.ActiveCfg = Debug|x64
		{A0A1DEC7-6825-41E5-92C9-148F9B16D37A}.Debug|x64.Build.0 = Debug|x64
		{A0A1DEC7-6825-41E5-92C9-148F9B16D37A}.Debug|x86.ActiveCfg = Debug|Win32
		{A0A1DEC7-6825-41E5-92C9-148F9B16D37A}.Debug|x86.Build.0 = Debug|Win32
		{A0A1DEC7-6825-41E5-92C9-148F9B16D37A}.Release|x64.ActiveCfg = Release|x64
		{A0A1DEC7-6825-41E5-92C9-148F9B16D37A}.Release|x64.Build.0 = Release|x64
		{A0A1DEC7-6825-41E5-92C9-148F9B16D37A}.Release|x86.ActiveCfg = Release|Win32
		{A0A1DEC7-6825-41E5-92C9-148F9B16D37A}.Release|x86.Build.0 = Release|Win32
	EndGlobalSection
	GlobalSection(SolutionProperties) = preSolution
		HideSolutionNode = FALSE
	EndGlobalSection
	GlobalSection(ExtensibilityGlobals) = postSolution
		SolutionGuid = {275FD668-02CB-4D68-A63A-7169BBBCD201}
	EndGlobalSection
EndGlobal
